
Microsoft Visual Studio Solution File, Format Version 12.00
# Visual Studio Version 17
VisualStudioVersion = 17.11.35208.52
MinimumVisualStudioVersion = 10.0.40219.1
Project("{8BC9CEB8-8B4A-11D0-8D11-00A0C91BC942}") = "Windows-Dev-Note", "Windows-Dev-Note.vcxproj", "{31AB37B3-63CF-4CAD-BE23-7C7CB0A6A321}"
EndProject
Project("{8BC9CEB8-8B4A-11D0-8D11-00A0C91BC942}") = "WindowsVersionChecker", "WindowsVersionChecker\WindowsVersionChecker.vcxproj", "{4A92A1D9-6FB4-4F99-8C1B-31B84BDD3DAE}"
EndProject
Global
	GlobalSection(SolutionConfigurationPlatforms) = preSolution
		Debug|x64 = Debug|x64
		Debug|x86 = Debug|x86
		Release|x64 = Release|x64
		Release|x86 = Release|x86
	EndGlobalSection
	GlobalSection(ProjectConfigurationPlatforms) = postSolution
		{31AB37B3-63CF-4CAD-BE23-7C7CB0A6A321}.Debug|x64.ActiveCfg = Debug|x64
		{31AB37B3-63CF-4CAD-BE23-7C7CB0A6A321}.Debug|x64.Build.0 = Debug|x64
		{31AB37B3-63CF-4CAD-BE23-7C7CB0A6A321}.Debug|x86.ActiveCfg = Debug|Win32
		{31AB37B3-63CF-4CAD-BE23-7C7CB0A6A321}.Debug|x86.Build.0 = Debug|Win32
		{31AB37B3-63CF-4CAD-BE23-7C7CB0A6A321}.Release|x64.ActiveCfg = Release|x64
		{31AB37B3-63CF-4CAD-BE23-7C7CB0A6A321}.Release|x64.Build.0 = Release|x64
		{31AB37B3-63CF-4CAD-BE23-7C7CB0A6A321}.Release|x86.ActiveCfg = Release|Win32
		{31AB37B3-63CF-4CAD-BE23-7C7CB0A6A321}.Release|x86.Build.0 = Release|Win32
		{4A92A1D9-6FB4-4F99-8C1B-31B84BDD3DAE}.Debug|x64.ActiveCfg = Debug|x64
		{4A92A1D9-6FB4-4F99-8C1B-31B84BDD3DAE}.Debug|x64.Build.0 = Debug|x64
		{4A92A1D9-6FB4-4F99-8C1B-31B84BDD3DAE}.Debug|x86.ActiveCfg = Debug|Win32
		{4A92A1D9-6FB4-4F99-8C1B-31B84BDD3DAE}.Debug|x86.Build.0 = Debug|Win32
		{4A92A1D9-6FB4-4F99-8C1B-31B84BDD3DAE}.Release|x64.ActiveCfg = Release|x64
		{4A92A1D9-6FB4-4F99-8C1B-31B84BDD3DAE}.Release|x64.Build.0 = Release|x64
		{4A92A1D9-6FB4-4F99-8C1B-31B84BDD3DAE}.Release|x86.ActiveCfg = Release|Win32
		{4A92A1D9-6FB4-4F99-8C1B-31B84BDD3DAE}.Release|x86.Build.0 = Release|Win32
	EndGlobalSection
	GlobalSection(SolutionProperties) = preSolution
		HideSolutionNode = FALSE
	EndGlobalSection
	GlobalSection(ExtensibilityGlobals) = postSolution
		SolutionGuid = {82487C27-8C4C-4FD4-8532-7A846204E14C}
	EndGlobalSection
EndGlobal
